// !$*UTF8*$!
{
	archiveVersion = 1;
	classes = {
	};
	objectVersion = 46;
	objects = {

/* Begin PBXBuildFile section */
		372F5575178834E400AE84E7 /* Foundation.framework in Frameworks */ = {isa = PBXBuildFile; fileRef = 372F5574178834E400AE84E7 /* Foundation.framework */; };
		372F5577178834E400AE84E7 /* CoreGraphics.framework in Frameworks */ = {isa = PBXBuildFile; fileRef = 372F5576178834E400AE84E7 /* CoreGraphics.framework */; };
		372F5579178834E400AE84E7 /* UIKit.framework in Frameworks */ = {isa = PBXBuildFile; fileRef = 372F5578178834E400AE84E7 /* UIKit.framework */; };
		372F557B178834E400AE84E7 /* CoreData.framework in Frameworks */ = {isa = PBXBuildFile; fileRef = 372F557A178834E400AE84E7 /* CoreData.framework */; };
		372F5581178834E400AE84E7 /* InfoPlist.strings in Resources */ = {isa = PBXBuildFile; fileRef = 372F557F178834E400AE84E7 /* InfoPlist.strings */; };
		372F5583178834E400AE84E7 /* main.m in Sources */ = {isa = PBXBuildFile; fileRef = 372F5582178834E400AE84E7 /* main.m */; };
		372F5587178834E400AE84E7 /* MDNAppDelegate.m in Sources */ = {isa = PBXBuildFile; fileRef = 372F5586178834E400AE84E7 /* MDNAppDelegate.m */; };
		372F558A178834E400AE84E7 /* Main.storyboard in Resources */ = {isa = PBXBuildFile; fileRef = 372F5588178834E400AE84E7 /* Main.storyboard */; };
		372F558D178834E400AE84E7 /* MedicalNow.xcdatamodeld in Sources */ = {isa = PBXBuildFile; fileRef = 372F558B178834E400AE84E7 /* MedicalNow.xcdatamodeld */; };
		372F5590178834E400AE84E7 /* MDNMasterViewController.m in Sources */ = {isa = PBXBuildFile; fileRef = 372F558F178834E400AE84E7 /* MDNMasterViewController.m */; };
		372F5593178834E400AE84E7 /* MDNDetailViewController.m in Sources */ = {isa = PBXBuildFile; fileRef = 372F5592178834E400AE84E7 /* MDNDetailViewController.m */; };
		372F5595178834E400AE84E7 /* Images.xcassets in Resources */ = {isa = PBXBuildFile; fileRef = 372F5594178834E400AE84E7 /* Images.xcassets */; };
		372F559C178834E400AE84E7 /* XCTest.framework in Frameworks */ = {isa = PBXBuildFile; fileRef = 372F559B178834E400AE84E7 /* XCTest.framework */; };
		372F559D178834E400AE84E7 /* Foundation.framework in Frameworks */ = {isa = PBXBuildFile; fileRef = 372F5574178834E400AE84E7 /* Foundation.framework */; };
		372F559E178834E400AE84E7 /* UIKit.framework in Frameworks */ = {isa = PBXBuildFile; fileRef = 372F5578178834E400AE84E7 /* UIKit.framework */; };
		372F559F178834E400AE84E7 /* CoreData.framework in Frameworks */ = {isa = PBXBuildFile; fileRef = 372F557A178834E400AE84E7 /* CoreData.framework */; };
		372F55A7178834E400AE84E7 /* InfoPlist.strings in Resources */ = {isa = PBXBuildFile; fileRef = 372F55A5178834E400AE84E7 /* InfoPlist.strings */; };
		372F55A9178834E400AE84E7 /* MedicalNowTests.m in Sources */ = {isa = PBXBuildFile; fileRef = 372F55A8178834E400AE84E7 /* MedicalNowTests.m */; };
/* End PBXBuildFile section */

/* Begin PBXContainerItemProxy section */
		372F55A0178834E400AE84E7 /* PBXContainerItemProxy */ = {
			isa = PBXContainerItemProxy;
			containerPortal = 372F5569178834E400AE84E7 /* Project object */;
			proxyType = 1;
			remoteGlobalIDString = 372F5570178834E400AE84E7;
			remoteInfo = MedicalNow;
		};
/* End PBXContainerItemProxy section */

/* Begin PBXFileReference section */
		372F5571178834E400AE84E7 /* MedicalNow.app */ = {isa = PBXFileReference; explicitFileType = wrapper.application; includeInIndex = 0; path = MedicalNow.app; sourceTree = BUILT_PRODUCTS_DIR; };
		372F5574178834E400AE84E7 /* Foundation.framework */ = {isa = PBXFileReference; lastKnownFileType = wrapper.framework; name = Foundation.framework; path = System/Library/Frameworks/Foundation.framework; sourceTree = SDKROOT; };
		372F5576178834E400AE84E7 /* CoreGraphics.framework */ = {isa = PBXFileReference; lastKnownFileType = wrapper.framework; name = CoreGraphics.framework; path = System/Library/Frameworks/CoreGraphics.framework; sourceTree = SDKROOT; };
		372F5578178834E400AE84E7 /* UIKit.framework */ = {isa = PBXFileReference; lastKnownFileType = wrapper.framework; name = UIKit.framework; path = System/Library/Frameworks/UIKit.framework; sourceTree = SDKROOT; };
		372F557A178834E400AE84E7 /* CoreData.framework */ = {isa = PBXFileReference; lastKnownFileType = wrapper.framework; name = CoreData.framework; path = System/Library/Frameworks/CoreData.framework; sourceTree = SDKROOT; };
		372F557E178834E400AE84E7 /* MedicalNow-Info.plist */ = {isa = PBXFileReference; lastKnownFileType = text.plist.xml; path = "MedicalNow-Info.plist"; sourceTree = "<group>"; };
		372F5580178834E400AE84E7 /* en */ = {isa = PBXFileReference; lastKnownFileType = text.plist.strings; name = en; path = en.lproj/InfoPlist.strings; sourceTree = "<group>"; };
		372F5582178834E400AE84E7 /* main.m */ = {isa = PBXFileReference; lastKnownFileType = sourcecode.c.objc; path = main.m; sourceTree = "<group>"; };
		372F5584178834E400AE84E7 /* MedicalNow-Prefix.pch */ = {isa = PBXFileReference; lastKnownFileType = sourcecode.c.h; path = "MedicalNow-Prefix.pch"; sourceTree = "<group>"; };
		372F5585178834E400AE84E7 /* MDNAppDelegate.h */ = {isa = PBXFileReference; lastKnownFileType = sourcecode.c.h; path = MDNAppDelegate.h; sourceTree = "<group>"; };
		372F5586178834E400AE84E7 /* MDNAppDelegate.m */ = {isa = PBXFileReference; lastKnownFileType = sourcecode.c.objc; path = MDNAppDelegate.m; sourceTree = "<group>"; };
		372F5589178834E400AE84E7 /* Base */ = {isa = PBXFileReference; lastKnownFileType = file.storyboard; name = Base; path = Base.lproj/Main.storyboard; sourceTree = "<group>"; };
		372F558C178834E400AE84E7 /* MedicalNow.xcdatamodel */ = {isa = PBXFileReference; lastKnownFileType = wrapper.xcdatamodel; path = MedicalNow.xcdatamodel; sourceTree = "<group>"; };
		372F558E178834E400AE84E7 /* MDNMasterViewController.h */ = {isa = PBXFileReference; lastKnownFileType = sourcecode.c.h; path = MDNMasterViewController.h; sourceTree = "<group>"; };
		372F558F178834E400AE84E7 /* MDNMasterViewController.m */ = {isa = PBXFileReference; lastKnownFileType = sourcecode.c.objc; path = MDNMasterViewController.m; sourceTree = "<group>"; };
		372F5591178834E400AE84E7 /* MDNDetailViewController.h */ = {isa = PBXFileReference; lastKnownFileType = sourcecode.c.h; path = MDNDetailViewController.h; sourceTree = "<group>"; };
		372F5592178834E400AE84E7 /* MDNDetailViewController.m */ = {isa = PBXFileReference; lastKnownFileType = sourcecode.c.objc; path = MDNDetailViewController.m; sourceTree = "<group>"; };
		372F5594178834E400AE84E7 /* Images.xcassets */ = {isa = PBXFileReference; lastKnownFileType = folder.assetcatalog; path = Images.xcassets; sourceTree = "<group>"; };
		372F559A178834E400AE84E7 /* MedicalNowTests.xctest */ = {isa = PBXFileReference; explicitFileType = wrapper.cfbundle; includeInIndex = 0; path = MedicalNowTests.xctest; sourceTree = BUILT_PRODUCTS_DIR; };
		372F559B178834E400AE84E7 /* XCTest.framework */ = {isa = PBXFileReference; lastKnownFileType = wrapper.framework; name = XCTest.framework; path = Library/Frameworks/XCTest.framework; sourceTree = DEVELOPER_DIR; };
		372F55A4178834E400AE84E7 /* MedicalNowTests-Info.plist */ = {isa = PBXFileReference; lastKnownFileType = text.plist.xml; path = "MedicalNowTests-Info.plist"; sourceTree = "<group>"; };
		372F55A6178834E400AE84E7 /* en */ = {isa = PBXFileReference; lastKnownFileType = text.plist.strings; name = en; path = en.lproj/InfoPlist.strings; sourceTree = "<group>"; };
		372F55A8178834E400AE84E7 /* MedicalNowTests.m */ = {isa = PBXFileReference; lastKnownFileType = sourcecode.c.objc; path = MedicalNowTests.m; sourceTree = "<group>"; };
/* End PBXFileReference section */

/* Begin PBXFrameworksBuildPhase section */
		372F556E178834E400AE84E7 /* Frameworks */ = {
			isa = PBXFrameworksBuildPhase;
			buildActionMask = 2147483647;
			files = (
				372F5577178834E400AE84E7 /* CoreGraphics.framework in Frameworks */,
				372F557B178834E400AE84E7 /* CoreData.framework in Frameworks */,
				372F5579178834E400AE84E7 /* UIKit.framework in Frameworks */,
				372F5575178834E400AE84E7 /* Foundation.framework in Frameworks */,
			);
			runOnlyForDeploymentPostprocessing = 0;
		};
		372F5597178834E400AE84E7 /* Frameworks */ = {
			isa = PBXFrameworksBuildPhase;
			buildActionMask = 2147483647;
			files = (
				372F559C178834E400AE84E7 /* XCTest.framework in Frameworks */,
				372F559F178834E400AE84E7 /* CoreData.framework in Frameworks */,
				372F559E178834E400AE84E7 /* UIKit.framework in Frameworks */,
				372F559D178834E400AE84E7 /* Foundation.framework in Frameworks */,
			);
			runOnlyForDeploymentPostprocessing = 0;
		};
/* End PBXFrameworksBuildPhase section */

/* Begin PBXGroup section */
		372F5568178834E400AE84E7 = {
			isa = PBXGroup;
			children = (
				372F557C178834E400AE84E7 /* MedicalNow */,
				372F55A2178834E400AE84E7 /* MedicalNowTests */,
				372F5573178834E400AE84E7 /* Frameworks */,
				372F5572178834E400AE84E7 /* Products */,
			);
			sourceTree = "<group>";
		};
		372F5572178834E400AE84E7 /* Products */ = {
			isa = PBXGroup;
			children = (
				372F5571178834E400AE84E7 /* MedicalNow.app */,
				372F559A178834E400AE84E7 /* MedicalNowTests.xctest */,
			);
			name = Products;
			sourceTree = "<group>";
		};
		372F5573178834E400AE84E7 /* Frameworks */ = {
			isa = PBXGroup;
			children = (
				372F5574178834E400AE84E7 /* Foundation.framework */,
				372F5576178834E400AE84E7 /* CoreGraphics.framework */,
				372F5578178834E400AE84E7 /* UIKit.framework */,
				372F557A178834E400AE84E7 /* CoreData.framework */,
				372F559B178834E400AE84E7 /* XCTest.framework */,
			);
			name = Frameworks;
			sourceTree = "<group>";
		};
		372F557C178834E400AE84E7 /* MedicalNow */ = {
			isa = PBXGroup;
			children = (
				372F5585178834E400AE84E7 /* MDNAppDelegate.h */,
				372F5586178834E400AE84E7 /* MDNAppDelegate.m */,
				372F5588178834E400AE84E7 /* Main.storyboard */,
				372F558E178834E400AE84E7 /* MDNMasterViewController.h */,
				372F558F178834E400AE84E7 /* MDNMasterViewController.m */,
				372F5591178834E400AE84E7 /* MDNDetailViewController.h */,
				372F5592178834E400AE84E7 /* MDNDetailViewController.m */,
				372F5594178834E400AE84E7 /* Images.xcassets */,
				372F558B178834E400AE84E7 /* MedicalNow.xcdatamodeld */,
				372F557D178834E400AE84E7 /* Supporting Files */,
			);
			path = MedicalNow;
			sourceTree = "<group>";
		};
		372F557D178834E400AE84E7 /* Supporting Files */ = {
			isa = PBXGroup;
			children = (
				372F557E178834E400AE84E7 /* MedicalNow-Info.plist */,
				372F557F178834E400AE84E7 /* InfoPlist.strings */,
				372F5582178834E400AE84E7 /* main.m */,
				372F5584178834E400AE84E7 /* MedicalNow-Prefix.pch */,
			);
			name = "Supporting Files";
			sourceTree = "<group>";
		};
		372F55A2178834E400AE84E7 /* MedicalNowTests */ = {
			isa = PBXGroup;
			children = (
				372F55A8178834E400AE84E7 /* MedicalNowTests.m */,
				372F55A3178834E400AE84E7 /* Supporting Files */,
			);
			path = MedicalNowTests;
			sourceTree = "<group>";
		};
		372F55A3178834E400AE84E7 /* Supporting Files */ = {
			isa = PBXGroup;
			children = (
				372F55A4178834E400AE84E7 /* MedicalNowTests-Info.plist */,
				372F55A5178834E400AE84E7 /* InfoPlist.strings */,
			);
			name = "Supporting Files";
			sourceTree = "<group>";
		};
/* End PBXGroup section */

/* Begin PBXNativeTarget section */
		372F5570178834E400AE84E7 /* MedicalNow */ = {
			isa = PBXNativeTarget;
			buildConfigurationList = 372F55AC178834E400AE84E7 /* Build configuration list for PBXNativeTarget "MedicalNow" */;
			buildPhases = (
				372F556D178834E400AE84E7 /* Sources */,
				372F556E178834E400AE84E7 /* Frameworks */,
				372F556F178834E400AE84E7 /* Resources */,
			);
			buildRules = (
			);
			dependencies = (
			);
			name = MedicalNow;
			productName = MedicalNow;
			productReference = 372F5571178834E400AE84E7 /* MedicalNow.app */;
			productType = "com.apple.product-type.application";
		};
		372F5599178834E400AE84E7 /* MedicalNowTests */ = {
			isa = PBXNativeTarget;
			buildConfigurationList = 372F55AF178834E400AE84E7 /* Build configuration list for PBXNativeTarget "MedicalNowTests" */;
			buildPhases = (
				372F5596178834E400AE84E7 /* Sources */,
				372F5597178834E400AE84E7 /* Frameworks */,
				372F5598178834E400AE84E7 /* Resources */,
			);
			buildRules = (
			);
			dependencies = (
				372F55A1178834E400AE84E7 /* PBXTargetDependency */,
			);
			name = MedicalNowTests;
			productName = MedicalNowTests;
			productReference = 372F559A178834E400AE84E7 /* MedicalNowTests.xctest */;
			productType = "com.apple.product-type.bundle.unit-test";
		};
/* End PBXNativeTarget section */

/* Begin PBXProject section */
		372F5569178834E400AE84E7 /* Project object */ = {
			isa = PBXProject;
			attributes = {
				CLASSPREFIX = MDN;
				LastUpgradeCheck = 0500;
				ORGANIZATIONNAME = "Dan Palmer";
				TargetAttributes = {
					372F5599178834E400AE84E7 = {
						TestTargetID = 372F5570178834E400AE84E7;
					};
				};
			};
			buildConfigurationList = 372F556C178834E400AE84E7 /* Build configuration list for PBXProject "MedicalNow" */;
			compatibilityVersion = "Xcode 3.2";
			developmentRegion = English;
			hasScannedForEncodings = 0;
			knownRegions = (
				en,
				Base,
			);
			mainGroup = 372F5568178834E400AE84E7;
			productRefGroup = 372F5572178834E400AE84E7 /* Products */;
			projectDirPath = "";
			projectRoot = "";
			targets = (
				372F5570178834E400AE84E7 /* MedicalNow */,
				372F5599178834E400AE84E7 /* MedicalNowTests */,
			);
		};
/* End PBXProject section */

/* Begin PBXResourcesBuildPhase section */
		372F556F178834E400AE84E7 /* Resources */ = {
			isa = PBXResourcesBuildPhase;
			buildActionMask = 2147483647;
			files = (
				372F5595178834E400AE84E7 /* Images.xcassets in Resources */,
				372F5581178834E400AE84E7 /* InfoPlist.strings in Resources */,
				372F558A178834E400AE84E7 /* Main.storyboard in Resources */,
			);
			runOnlyForDeploymentPostprocessing = 0;
		};
		372F5598178834E400AE84E7 /* Resources */ = {
			isa = PBXResourcesBuildPhase;
			buildActionMask = 2147483647;
			files = (
				372F55A7178834E400AE84E7 /* InfoPlist.strings in Resources */,
			);
			runOnlyForDeploymentPostprocessing = 0;
		};
/* End PBXResourcesBuildPhase section */

/* Begin PBXSourcesBuildPhase section */
		372F556D178834E400AE84E7 /* Sources */ = {
			isa = PBXSourcesBuildPhase;
			buildActionMask = 2147483647;
			files = (
				372F5587178834E400AE84E7 /* MDNAppDelegate.m in Sources */,
				372F558D178834E400AE84E7 /* MedicalNow.xcdatamodeld in Sources */,
				372F5590178834E400AE84E7 /* MDNMasterViewController.m in Sources */,
				372F5593178834E400AE84E7 /* MDNDetailViewController.m in Sources */,
				372F5583178834E400AE84E7 /* main.m in Sources */,
			);
			runOnlyForDeploymentPostprocessing = 0;
		};
		372F5596178834E400AE84E7 /* Sources */ = {
			isa = PBXSourcesBuildPhase;
			buildActionMask = 2147483647;
			files = (
				372F55A9178834E400AE84E7 /* MedicalNowTests.m in Sources */,
			);
			runOnlyForDeploymentPostprocessing = 0;
		};
/* End PBXSourcesBuildPhase section */

/* Begin PBXTargetDependency section */
		372F55A1178834E400AE84E7 /* PBXTargetDependency */ = {
			isa = PBXTargetDependency;
			target = 372F5570178834E400AE84E7 /* MedicalNow */;
			targetProxy = 372F55A0178834E400AE84E7 /* PBXContainerItemProxy */;
		};
/* End PBXTargetDependency section */

/* Begin PBXVariantGroup section */
		372F557F178834E400AE84E7 /* InfoPlist.strings */ = {
			isa = PBXVariantGroup;
			children = (
				372F5580178834E400AE84E7 /* en */,
			);
			name = InfoPlist.strings;
			sourceTree = "<group>";
		};
		372F5588178834E400AE84E7 /* Main.storyboard */ = {
			isa = PBXVariantGroup;
			children = (
				372F5589178834E400AE84E7 /* Base */,
			);
			name = Main.storyboard;
			sourceTree = "<group>";
		};
		372F55A5178834E400AE84E7 /* InfoPlist.strings */ = {
			isa = PBXVariantGroup;
			children = (
				372F55A6178834E400AE84E7 /* en */,
			);
			name = InfoPlist.strings;
			sourceTree = "<group>";
		};
/* End PBXVariantGroup section */

/* Begin XCBuildConfiguration section */
		372F55AA178834E400AE84E7 /* Debug */ = {
			isa = XCBuildConfiguration;
			buildSettings = {
				ALWAYS_SEARCH_USER_PATHS = NO;
				CLANG_CXX_LANGUAGE_STANDARD = "gnu++0x";
				CLANG_CXX_LIBRARY = "libc++";
				CLANG_ENABLE_MODULES = YES;
				CLANG_ENABLE_OBJC_ARC = YES;
				CLANG_WARN_BOOL_CONVERSION = YES;
				CLANG_WARN_CONSTANT_CONVERSION = YES;
				CLANG_WARN_DIRECT_OBJC_ISA_USAGE = YES_ERROR;
				CLANG_WARN_EMPTY_BODY = YES;
				CLANG_WARN_ENUM_CONVERSION = YES;
				CLANG_WARN_INT_CONVERSION = YES;
				CLANG_WARN_OBJC_ROOT_CLASS = YES_ERROR;
				CLANG_WARN__DUPLICATE_METHOD_MATCH = YES;
				"CODE_SIGN_IDENTITY[sdk=iphoneos*]" = "iPhone Developer";
				COPY_PHASE_STRIP = NO;
				GCC_C_LANGUAGE_STANDARD = gnu99;
				GCC_DYNAMIC_NO_PIC = NO;
				GCC_OPTIMIZATION_LEVEL = 0;
				GCC_PREPROCESSOR_DEFINITIONS = (
					"DEBUG=1",
					"$(inherited)",
				);
				GCC_SYMBOLS_PRIVATE_EXTERN = NO;
				GCC_WARN_ABOUT_RETURN_TYPE = YES_ERROR;
				GCC_WARN_UNDECLARED_SELECTOR = YES;
				GCC_WARN_UNINITIALIZED_AUTOS = YES;
				GCC_WARN_UNUSED_FUNCTION = YES;
				GCC_WARN_UNUSED_VARIABLE = YES;
				IPHONEOS_DEPLOYMENT_TARGET = 7.0;
				ONLY_ACTIVE_ARCH = YES;
				SDKROOT = iphoneos;
			};
			name = Debug;
		};
		372F55AB178834E400AE84E7 /* Release */ = {
			isa = XCBuildConfiguration;
			buildSettings = {
				ALWAYS_SEARCH_USER_PATHS = NO;
				CLANG_CXX_LANGUAGE_STANDARD = "gnu++0x";
				CLANG_CXX_LIBRARY = "libc++";
				CLANG_ENABLE_MODULES = YES;
				CLANG_ENABLE_OBJC_ARC = YES;
				CLANG_WARN_BOOL_CONVERSION = YES;
				CLANG_WARN_CONSTANT_CONVERSION = YES;
				CLANG_WARN_DIRECT_OBJC_ISA_USAGE = YES_ERROR;
				CLANG_WARN_EMPTY_BODY = YES;
				CLANG_WARN_ENUM_CONVERSION = YES;
				CLANG_WARN_INT_CONVERSION = YES;
				CLANG_WARN_OBJC_ROOT_CLASS = YES_ERROR;
				CLANG_WARN__DUPLICATE_METHOD_MATCH = YES;
				"CODE_SIGN_IDENTITY[sdk=iphoneos*]" = "iPhone Developer";
				COPY_PHASE_STRIP = YES;
				ENABLE_NS_ASSERTIONS = NO;
				GCC_C_LANGUAGE_STANDARD = gnu99;
				GCC_WARN_ABOUT_RETURN_TYPE = YES_ERROR;
				GCC_WARN_UNDECLARED_SELECTOR = YES;
				GCC_WARN_UNINITIALIZED_AUTOS = YES;
				GCC_WARN_UNUSED_FUNCTION = YES;
				GCC_WARN_UNUSED_VARIABLE = YES;
				IPHONEOS_DEPLOYMENT_TARGET = 7.0;
				SDKROOT = iphoneos;
				VALIDATE_PRODUCT = YES;
			};
			name = Release;
		};
		372F55AD178834E400AE84E7 /* Debug */ = {
			isa = XCBuildConfiguration;
			buildSettings = {
				ASSETCATALOG_COMPILER_APPICON_NAME = AppIcon;
				ASSETCATALOG_COMPILER_LAUNCHIMAGE_NAME = LaunchImage;
				GCC_PRECOMPILE_PREFIX_HEADER = YES;
				GCC_PREFIX_HEADER = "MedicalNow/MedicalNow-Prefix.pch";
				INFOPLIST_FILE = "MedicalNow/MedicalNow-Info.plist";
				PRODUCT_NAME = "$(TARGET_NAME)";
				WRAPPER_EXTENSION = app;
			};
			name = Debug;
		};
		372F55AE178834E400AE84E7 /* Release */ = {
			isa = XCBuildConfiguration;
			buildSettings = {
				ASSETCATALOG_COMPILER_APPICON_NAME = AppIcon;
				ASSETCATALOG_COMPILER_LAUNCHIMAGE_NAME = LaunchImage;
				GCC_PRECOMPILE_PREFIX_HEADER = YES;
				GCC_PREFIX_HEADER = "MedicalNow/MedicalNow-Prefix.pch";
				INFOPLIST_FILE = "MedicalNow/MedicalNow-Info.plist";
				PRODUCT_NAME = "$(TARGET_NAME)";
				WRAPPER_EXTENSION = app;
			};
			name = Release;
		};
		372F55B0178834E400AE84E7 /* Debug */ = {
			isa = XCBuildConfiguration;
			buildSettings = {
				BUNDLE_LOADER = "$(BUILT_PRODUCTS_DIR)/MedicalNow.app/MedicalNow";
				FRAMEWORK_SEARCH_PATHS = (
					"$(SDKROOT)/Developer/Library/Frameworks",
					"$(inherited)",
					"$(SYSTEM_APPS_DIR)/Xcode5-DP.app/Contents/Developer/Library/Frameworks",
				);
				GCC_PRECOMPILE_PREFIX_HEADER = YES;
				GCC_PREFIX_HEADER = "MedicalNow/MedicalNow-Prefix.pch";
				GCC_PREPROCESSOR_DEFINITIONS = (
					"DEBUG=1",
					"$(inherited)",
				);
				INFOPLIST_FILE = "MedicalNowTests/MedicalNowTests-Info.plist";
				PRODUCT_NAME = "$(TARGET_NAME)";
				TEST_HOST = "$(BUNDLE_LOADER)";
				WRAPPER_EXTENSION = xctest;
			};
			name = Debug;
		};
		372F55B1178834E400AE84E7 /* Release */ = {
			isa = XCBuildConfiguration;
			buildSettings = {
				BUNDLE_LOADER = "$(BUILT_PRODUCTS_DIR)/MedicalNow.app/MedicalNow";
				FRAMEWORK_SEARCH_PATHS = (
					"$(SDKROOT)/Developer/Library/Frameworks",
					"$(inherited)",
					"$(SYSTEM_APPS_DIR)/Xcode5-DP.app/Contents/Developer/Library/Frameworks",
				);
				GCC_PRECOMPILE_PREFIX_HEADER = YES;
				GCC_PREFIX_HEADER = "MedicalNow/MedicalNow-Prefix.pch";
				INFOPLIST_FILE = "MedicalNowTests/MedicalNowTests-Info.plist";
				PRODUCT_NAME = "$(TARGET_NAME)";
				TEST_HOST = "$(BUNDLE_LOADER)";
				WRAPPER_EXTENSION = xctest;
			};
			name = Release;
		};
/* End XCBuildConfiguration section */

/* Begin XCConfigurationList section */
		372F556C178834E400AE84E7 /* Build configuration list for PBXProject "MedicalNow" */ = {
			isa = XCConfigurationList;
			buildConfigurations = (
				372F55AA178834E400AE84E7 /* Debug */,
				372F55AB178834E400AE84E7 /* Release */,
			);
			defaultConfigurationIsVisible = 0;
			defaultConfigurationName = Release;
		};
		372F55AC178834E400AE84E7 /* Build configuration list for PBXNativeTarget "MedicalNow" */ = {
			isa = XCConfigurationList;
			buildConfigurations = (
				372F55AD178834E400AE84E7 /* Debug */,
				372F55AE178834E400AE84E7 /* Release */,
			);
			defaultConfigurationIsVisible = 0;
		};
		372F55AF178834E400AE84E7 /* Build configuration list for PBXNativeTarget "MedicalNowTests" */ = {
			isa = XCConfigurationList;
			buildConfigurations = (
				372F55B0178834E400AE84E7 /* Debug */,
				372F55B1178834E400AE84E7 /* Release */,
			);
			defaultConfigurationIsVisible = 0;
		};
/* End XCConfigurationList section */

/* Begin XCVersionGroup section */
		372F558B178834E400AE84E7 /* MedicalNow.xcdatamodeld */ = {
			isa = XCVersionGroup;
			children = (
				372F558C178834E400AE84E7 /* MedicalNow.xcdatamodel */,
			);
			currentVersion = 372F558C178834E400AE84E7 /* MedicalNow.xcdatamodel */;
			path = MedicalNow.xcdatamodeld;
			sourceTree = "<group>";
			versionGroupType = wrapper.xcdatamodel;
		};
/* End XCVersionGroup section */
	};
	rootObject = 372F5569178834E400AE84E7 /* Project object */;
}
